
Microsoft Visual Studio Solution File, Format Version 12.00
# Visual Studio Version 16
VisualStudioVersion = 16.0.29215.179
MinimumVisualStudioVersion = 10.0.40219.1
Project("{FAE04EC0-301F-11D3-BF4B-00C04F79EFBC}") = "CollectionsCarsHomeWork_ConsoleApp", "CollectionsCarsHomeWork_ConsoleApp\CollectionsCarsHomeWork_ConsoleApp.csproj", "{A1E46AA8-9EC9-472F-B875-0A62FEF26BCD}"
EndProject
Project("{FAE04EC0-301F-11D3-BF4B-00C04F79EFBC}") = "CollectionCars_ClassLibrary", "CollectionCars_ClassLibrary\CollectionCars_ClassLibrary.csproj", "{D400EB19-FFF3-4C11-8CEB-9D63C5523A9B}"
EndProject
Global
	GlobalSection(SolutionConfigurationPlatforms) = preSolution
		Debug|Any CPU = Debug|Any CPU
		Release|Any CPU = Release|Any CPU
	EndGlobalSection
	GlobalSection(ProjectConfigurationPlatforms) = postSolution
		{A1E46AA8-9EC9-472F-B875-0A62FEF26BCD}.Debug|Any CPU.ActiveCfg = Debug|Any CPU
		{A1E46AA8-9EC9-472F-B875-0A62FEF26BCD}.Debug|Any CPU.Build.0 = Debug|Any CPU
		{A1E46AA8-9EC9-472F-B875-0A62FEF26BCD}.Release|Any CPU.ActiveCfg = Release|Any CPU
		{A1E46AA8-9EC9-472F-B875-0A62FEF26BCD}.Release|Any CPU.Build.0 = Release|Any CPU
		{D400EB19-FFF3-4C11-8CEB-9D63C5523A9B}.Debug|Any CPU.ActiveCfg = Debug|Any CPU
		{D400EB19-FFF3-4C11-8CEB-9D63C5523A9B}.Debug|Any CPU.Build.0 = Debug|Any CPU
		{D400EB19-FFF3-4C11-8CEB-9D63C5523A9B}.Release|Any CPU.ActiveCfg = Release|Any CPU
		{D400EB19-FFF3-4C11-8CEB-9D63C5523A9B}.Release|Any CPU.Build.0 = Release|Any CPU
	EndGlobalSection
	GlobalSection(SolutionProperties) = preSolution
		HideSolutionNode = FALSE
	EndGlobalSection
	GlobalSection(ExtensibilityGlobals) = postSolution
		SolutionGuid = {59ECD3DD-EA5F-4710-A14B-53D28E0056FF}
	EndGlobalSection
EndGlobal
